
Microsoft Visual Studio Solution File, Format Version 12.00
# Visual Studio Version 16
VisualStudioVersion = 16.0.31009.191
MinimumVisualStudioVersion = 10.0.40219.1
Project("{FAE04EC0-301F-11D3-BF4B-00C04F79EFBC}") = "SmashHidTheFlag", "SmashHidTheFlag\SmashHidTheFlag.csproj", "{6CFEEFA6-CACD-4F5D-8738-AD00024BC599}"
EndProject
Global
	GlobalSection(SolutionConfigurationPlatforms) = preSolution
		Debug|Any CPU = Debug|Any CPU
		Release|Any CPU = Release|Any CPU
	EndGlobalSection
	GlobalSection(ProjectConfigurationPlatforms) = postSolution
		{6CFEEFA6-CACD-4F5D-8738-AD00024BC599}.Debug|Any CPU.ActiveCfg = Debug|Any CPU
		{6CFEEFA6-CACD-4F5D-8738-AD00024BC599}.Debug|Any CPU.Build.0 = Debug|Any CPU
		{6CFEEFA6-CACD-4F5D-8738-AD00024BC599}.Release|Any CPU.ActiveCfg = Release|Any CPU
		{6CFEEFA6-CACD-4F5D-8738-AD00024BC599}.Release|Any CPU.Build.0 = Release|Any CPU
	EndGlobalSection
	GlobalSection(SolutionProperties) = preSolution
		HideSolutionNode = FALSE
	EndGlobalSection
	GlobalSection(ExtensibilityGlobals) = postSolution
		SolutionGuid = {9042142E-2E4D-43CA-A484-B4FE1D64C37A}
	EndGlobalSection
EndGlobal
